{
  "name": "workspace-b",
  "version": "1.0.0",
  "lockfileVersion": 2,
  "requires": true,
  "packages": {
    "": {
      "version": "1.0.0",
      "license": "ISC",
      "dependencies": {
        "workspace-a": "^1.0.0"
      }
    },
    "node_modules/workspace-a": {
      "version": "1.0.0",
      "resolved": "https://registry.npmjs.org/workspace-a/-/workspace-a-1.0.0.tgz",
      "integrity": "sha512-/qOdvsIvtRPoLysEOdFk+aGXS3fGHD0zTor59GQQdS5/nQ1iAmOTPtNtiN12/dY/UHva8d75Xe3d+5l7p5vL4g=="
    }
  },
  "dependencies": {
    "workspace-a": {
      "version": "1.0.0",
      "resolved": "https://registry.npmjs.org/workspace-a/-/workspace-a-1.0.0.tgz",
      "integrity": "sha512-/qOdvsIvtRPoLysEOdFk+aGXS3fGHD0zTor59GQQdS5/nQ1iAmOTPtNtiN12/dY/UHva8d75Xe3d+5l7p5vL4g=="
    }
  }
}
