{
  "name": "npm7",
  "version": "1.0.0",
  "lockfileVersion": 2,
  "requires": true,
  "packages": {
    "": {
      "version": "1.0.0",
      "license": "ISC",
      "workspaces": [
        "workspace-a",
        "workspace-b",
        "workspace-c"
      ]
    },
    "node_modules/workspace-a": {
      "resolved": "workspace-a",
      "link": true
    },
    "node_modules/workspace-b": {
      "resolved": "workspace-b",
      "link": true
    },
    "node_modules/workspace-c": {
      "resolved": "workspace-c",
      "link": true
    },
    "workspace-a": {
      "version": "1.0.0",
      "license": "ISC",
      "dependencies": {
        "lodash": "^4.17.21"
      }
    },
    "workspace-a/node_modules/lodash": {
      "version": "4.17.21",
      "license": "MIT"
    },
    "workspace-b": {
      "version": "1.0.0",
      "license": "ISC",
      "dependencies": {
        "workspace-a": "^1.0.0"
      }
    },
    "workspace-c": {
      "version": "1.0.0",
      "license": "ISC",
      "dependencies": {
        "workspace-a": "^1.0.0",
        "workspace-b": "^1.0.0"
      }
    }
  },
  "dependencies": {
    "workspace-a": {
      "version": "file:workspace-a",
      "requires": {
        "lodash": "^4.17.21"
      },
      "dependencies": {
        "lodash": {
          "version": "4.17.21"
        }
      }
    },
    "workspace-b": {
      "version": "file:workspace-b",
      "requires": {
        "workspace-a": "^1.0.0"
      }
    },
    "workspace-c": {
      "version": "file:workspace-c",
      "requires": {
        "workspace-a": "^1.0.0",
        "workspace-b": "^1.0.0"
      }
    }
  }
}
